PODS:
  - Alamofire (4.7.3)
  - BoringSSL (10.0.6):
    - BoringSSL/Implementation (= 10.0.6)
    - BoringSSL/Interface (= 10.0.6)
  - BoringSSL/Implementation (10.0.6):
    - BoringSSL/Interface (= 10.0.6)
  - BoringSSL/Interface (10.0.6)
  - Colours (5.13.0):
    - Colours/ObjC (= 5.13.0)
  - Colours/ObjC (5.13.0)
  - Crashlytics (3.10.7):
    - Fabric (~> 1.7.11)
  - DACircularProgress (2.3.1)
  - Fabric (1.7.11)
  - Firebase/AdMob (5.7.0):
    - Firebase/Core
    - Google-Mobile-Ads-SDK (~> 7.32)
  - Firebase/Auth (5.7.0):
    - Firebase/CoreOnly
    - FirebaseAuth (= 5.0.3)
  - Firebase/Core (5.7.0):
    - Firebase/CoreOnly
    - FirebaseAnalytics (= 5.1.1)
  - Firebase/CoreOnly (5.7.0):
    - FirebaseCore (= 5.1.2)
  - Firebase/Firestore (5.7.0):
    - Firebase/CoreOnly
    - FirebaseFirestore (= 0.13.2)
  - Firebase/Messaging (5.7.0):
    - Firebase/CoreOnly
    - FirebaseMessaging (= 3.1.1)
  - Firebase/RemoteConfig (5.7.0):
    - Firebase/Core
    - FirebaseRemoteConfig (= 3.0.1)
  - Firebase/Storage (5.7.0):
    - Firebase/CoreOnly
    - FirebaseStorage (= 3.0.1)
  - FirebaseABTesting (2.0.0):
    - FirebaseCore (~> 5.0)
    - Protobuf (~> 3.5)
  - FirebaseAnalytics (5.1.1):
    - FirebaseCore (~> 5.1)
    - FirebaseInstanceID (~> 3.2)
    - GoogleAppMeasurement (~> 5.1)
    - GoogleUtilities/AppDelegateSwizzler (~> 5.2.0)
    - GoogleUtilities/MethodSwizzler (~> 5.2.0)
    - GoogleUtilities/Network (~> 5.2)
    - "GoogleUtilities/NSData+zlib (~> 5.2)"
    - nanopb (~> 0.3)
  - FirebaseAuth (5.0.3):
    - FirebaseAuthInterop (~> 1.0)
    - FirebaseCore (~> 5.0)
    - GoogleUtilities/Environment (~> 5.2)
    - GTMSessionFetcher/Core (~> 1.1)
  - FirebaseAuthInterop (1.0.0)
  - FirebaseCore (5.1.2):
    - GoogleUtilities/Logger (~> 5.2)
  - FirebaseFirestore (0.13.2):
    - FirebaseAuthInterop (~> 1.0)
    - FirebaseCore (~> 5.0)
    - FirebaseFirestore/abseil-cpp (= 0.13.2)
    - gRPC-ProtoRPC (~> 1.0)
    - leveldb-library (~> 1.18)
    - nanopb (~> 0.3.8)
    - Protobuf (~> 3.1)
  - FirebaseFirestore/abseil-cpp (0.13.2):
    - FirebaseAuthInterop (~> 1.0)
    - FirebaseCore (~> 5.0)
    - gRPC-ProtoRPC (~> 1.0)
    - leveldb-library (~> 1.18)
    - nanopb (~> 0.3.8)
    - Protobuf (~> 3.1)
  - FirebaseInstanceID (3.2.1):
    - FirebaseCore (~> 5.1)
    - GoogleUtilities/Environment (~> 5.2)
  - FirebaseMessaging (3.1.1):
    - FirebaseCore (~> 5.0)
    - FirebaseInstanceID (~> 3.0)
    - GoogleUtilities/Reachability (~> 5.2)
    - Protobuf (~> 3.1)
  - FirebaseRemoteConfig (3.0.1):
    - FirebaseABTesting (~> 2.0)
    - FirebaseAnalytics (~> 5.1)
    - FirebaseCore (~> 5.1)
    - FirebaseInstanceID (~> 3.2)
    - GoogleUtilities/Environment (~> 5.2)
    - "GoogleUtilities/NSData+zlib (~> 5.2)"
    - Protobuf (~> 3.5)
  - FirebaseStorage (3.0.1):
    - FirebaseCore (~> 5.0)
    - GTMSessionFetcher/Core (~> 1.1)
  - FontAwesome.swift (1.4.4)
  - Google-Mobile-Ads-SDK (7.33.0)
  - GoogleAppMeasurement (5.1.1):
    - GoogleUtilities/AppDelegateSwizzler (~> 5.2.0)
    - GoogleUtilities/MethodSwizzler (~> 5.2.0)
    - GoogleUtilities/Network (~> 5.2)
    - "GoogleUtilities/NSData+zlib (~> 5.2)"
    - nanopb (~> 0.3)
  - GoogleUtilities/AppDelegateSwizzler (5.2.3):
    - GoogleUtilities/Environment
    - GoogleUtilities/Logger
    - GoogleUtilities/Network
  - GoogleUtilities/Environment (5.2.3)
  - GoogleUtilities/Logger (5.2.3):
    - GoogleUtilities/Environment
  - GoogleUtilities/MethodSwizzler (5.2.3):
    - GoogleUtilities/Logger
  - GoogleUtilities/Network (5.2.3):
    - GoogleUtilities/Logger
    - "GoogleUtilities/NSData+zlib"
    - GoogleUtilities/Reachability
  - "GoogleUtilities/NSData+zlib (5.2.3)"
  - GoogleUtilities/Reachability (5.2.3):
    - GoogleUtilities/Logger
  - gRPC (1.14.1):
    - gRPC-RxLibrary (= 1.14.1)
    - gRPC/Main (= 1.14.1)
  - gRPC-Core (1.14.1):
    - gRPC-Core/Implementation (= 1.14.1)
    - gRPC-Core/Interface (= 1.14.1)
  - gRPC-Core/Implementation (1.14.1):
    - BoringSSL (~> 10.0)
    - gRPC-Core/Interface (= 1.14.1)
    - nanopb (~> 0.3)
  - gRPC-Core/Interface (1.14.1)
  - gRPC-ProtoRPC (1.14.1):
    - gRPC-ProtoRPC/Main (= 1.14.1)
  - gRPC-ProtoRPC/Main (1.14.1):
    - gRPC (= 1.14.1)
    - gRPC-RxLibrary (= 1.14.1)
    - Protobuf (~> 3.0)
  - gRPC-RxLibrary (1.14.1)
  - gRPC/Main (1.14.1):
    - gRPC-Core (= 1.14.1)
    - gRPC-RxLibrary (= 1.14.1)
  - GTMSessionFetcher/Core (1.2.0)
  - IDMPhotoBrowser (1.11.3):
    - DACircularProgress
    - pop
    - SDWebImage (= 4.0.0)
  - Koloda (4.4):
    - pop (~> 1.0)
  - leveldb-library (1.20)
  - nanopb (0.3.8):
    - nanopb/decode (= 0.3.8)
    - nanopb/encode (= 0.3.8)
  - nanopb/decode (0.3.8)
  - nanopb/encode (0.3.8)
  - pop (1.0.10)
  - Pring (0.11.1):
    - Firebase/Core
    - Firebase/Firestore
    - Firebase/Storage
  - Protobuf (3.6.1)
  - SDWebImage (4.0.0):
    - SDWebImage/Core (= 4.0.0)
  - SDWebImage/Core (4.0.0)
  - SVProgressHUD (2.2.5)
  - SwiftDate (5.0.7)
  - SwiftyJSON (4.1.0)
  - SwiftyUserDefaults (4.0.0-alpha.1)
  - TwitterCore (3.2.0)
  - TwitterKit (3.4.0):
    - TwitterCore (>= 3.1.0)

DEPENDENCIES:
  - Alamofire
  - Colours
  - Crashlytics
  - Fabric
  - Firebase/AdMob
  - Firebase/Auth
  - Firebase/Core
  - Firebase/Messaging
  - Firebase/RemoteConfig
  - FontAwesome.swift
  - IDMPhotoBrowser
  - Koloda
  - Pring
  - SVProgressHUD
  - SwiftDate
  - SwiftyJSON
  - SwiftyUserDefaults (= 4.0.0-alpha.1)
  - TwitterCore
  - TwitterKit

SPEC REPOS:
  https://github.com/cocoapods/specs.git:
    - Alamofire
    - BoringSSL
    - Colours
    - Crashlytics
    - DACircularProgress
    - Fabric
    - Firebase
    - FirebaseABTesting
    - FirebaseAnalytics
    - FirebaseAuth
    - FirebaseAuthInterop
    - FirebaseCore
    - FirebaseFirestore
    - FirebaseInstanceID
    - FirebaseMessaging
    - FirebaseRemoteConfig
    - FirebaseStorage
    - FontAwesome.swift
    - Google-Mobile-Ads-SDK
    - GoogleAppMeasurement
    - GoogleUtilities
    - gRPC
    - gRPC-Core
    - gRPC-ProtoRPC
    - gRPC-RxLibrary
    - GTMSessionFetcher
    - IDMPhotoBrowser
    - Koloda
    - leveldb-library
    - nanopb
    - pop
    - Pring
    - Protobuf
    - SDWebImage
    - SVProgressHUD
    - SwiftDate
    - SwiftyJSON
    - SwiftyUserDefaults
    - TwitterCore
    - TwitterKit

SPEC CHECKSUMS:
  Alamofire: c7287b6e5d7da964a70935e5db17046b7fde6568
  BoringSSL: e10f92a27043805c01071fe815a5cd98ae8212e7
  Colours: f24220c38f13deac88612667e9b4a7fb96b871d4
  Crashlytics: ccaac42660eb9351b9960c0d66106b0bcf99f4fa
  DACircularProgress: 4dd437c0fc3da5161cb289e07ac449493d41db71
  Fabric: f233c9492b3bbc1f04e3882986740f7988a58edb
  Firebase: 734a4f92957aa6c40e7ae3fda3d9359e1890aa87
  FirebaseABTesting: 1f50b8d50f5e3469eea54e7463a7b7fe221d1f5e
  FirebaseAnalytics: 993577e91157feb40945abedd6ab346d8a4b6ac8
  FirebaseAuth: 657a25e4be044d2d333663ebf515a861c5a59cd7
  FirebaseAuthInterop: 0ffa57668be100582bb7643d4fcb7615496c41fc
  FirebaseCore: 3a97432acb324b439fbed338e642f9cbb516a63d
  FirebaseFirestore: 7eec93809ad61e7ebe303089c5cc5efa63424b72
  FirebaseInstanceID: ea5af6920d0a4a29b40459d055bebe4a6c1333c4
  FirebaseMessaging: 698c94dd1e3436346c29bb9c85dcdca4c4a0c30b
  FirebaseRemoteConfig: 7b6d675dfb11f0e0e638caee00908b06af150d56
  FirebaseStorage: 43f823b96b72a08539eba21a7de043348a69d4c6
  FontAwesome.swift: 17b93524b9f61136a8566344517b8556ed584e87
  Google-Mobile-Ads-SDK: b10daacc05c820433e5c0c0d57a4f0191f7d2ef5
  GoogleAppMeasurement: f7507b39b70ad0bd80b3d81518b2f43868974307
  GoogleUtilities: 6f681e27050c5e130325e89fa0316dfca826f954
  gRPC: 65fa2a50c4fd61940b76f4962d75c239c92c6a8d
  gRPC-Core: e3ace1e1161e75903135de8d8231bb69c9d35721
  gRPC-ProtoRPC: 78f976fc6a1eafc0e1f4965c255c313aa0859b1e
  gRPC-RxLibrary: c4c826507ad3c8c8fab6887f153938eb04b86d59
  GTMSessionFetcher: 0c4baf0a73acd0041bf9f71ea018deedab5ea84e
  IDMPhotoBrowser: b96159fe4adb991a844068eb17dab9c0b7d7e51a
  Koloda: 0f3c51580d9d547c66a5cd9e4771611afc3e259e
  leveldb-library: 08cba283675b7ed2d99629a4bc5fd052cd2bb6a5
  nanopb: 5601e6bca2dbf1ed831b519092ec110f66982ca3
  pop: 82ca6b068ce9278fd350fd9dd09482a0ce9492e6
  Pring: 4a92aa1f52eaef9b05dd2b20c739a1556ba2f8ca
  Protobuf: 1eb9700044745f00181c136ef21b8ff3ad5a0fd5
  SDWebImage: 76a6348bdc74eb5a55dd08a091ef298e56b55e41
  SVProgressHUD: 1428aafac632c1f86f62aa4243ec12008d7a51d6
  SwiftDate: f053fb89250c59af5eff777f3b832d2b9dd57403
  SwiftyJSON: c29297daf073d2aa016295d5809cdd68045c39b3
  SwiftyUserDefaults: cebe0ff9472f52699772a514b6f7155861d8069b
  TwitterCore: 8cbc9ad34d91c63a0035ea05bfbfc0d7ca72a28c
  TwitterKit: bc7bd086b9b724a1d888745a054e1d0b1ecc4f3f

PODFILE CHECKSUM: fd06f4766c1fc4157813fcdc72b0ee3ae9760581

COCOAPODS: 1.5.3
