PODS:
  - Alamofire (4.7.2)
  - Colours (5.13.0):
    - Colours/ObjC (= 5.13.0)
  - Colours/ObjC (5.13.0)
  - Crashlytics (3.10.1):
    - Fabric (~> 1.7.5)
  - DACircularProgress (2.3.1)
  - Fabric (1.7.6)
  - IDMPhotoBrowser (1.11.3):
    - DACircularProgress
    - pop
    - SDWebImage (= 4.0.0)
  - Koloda (4.3.1):
    - pop (~> 1.0)
  - pop (1.0.10)
  - SDWebImage (4.0.0):
    - SDWebImage/Core (= 4.0.0)
  - SDWebImage/Core (4.0.0)
  - SVProgressHUD (2.2.5)
  - SwiftyJSON (4.1.0)
  - TwitterCore (3.1.0)
  - TwitterKit (3.3.0):
    - TwitterCore (>= 3.1.0)

DEPENDENCIES:
  - Alamofire
  - Colours
  - Crashlytics
  - Fabric
  - IDMPhotoBrowser
  - Koloda
  - SVProgressHUD
  - SwiftyJSON
  - TwitterCore
  - TwitterKit

SPEC CHECKSUMS:
  Alamofire: e4fa87002c137ba2d8d634d2c51fabcda0d5c223
  Colours: f24220c38f13deac88612667e9b4a7fb96b871d4
  Crashlytics: aee1a064cbbf99b32efa3f056a5f458d846bc8ff
  DACircularProgress: 4dd437c0fc3da5161cb289e07ac449493d41db71
  Fabric: f8d42c893bb187326a7968b62abe55c36a987a46
  IDMPhotoBrowser: b96159fe4adb991a844068eb17dab9c0b7d7e51a
  Koloda: 0d39b2aa188ccd1fac48d752acaf9802e683c625
  pop: 82ca6b068ce9278fd350fd9dd09482a0ce9492e6
  SDWebImage: 76a6348bdc74eb5a55dd08a091ef298e56b55e41
  SVProgressHUD: 1428aafac632c1f86f62aa4243ec12008d7a51d6
  SwiftyJSON: c29297daf073d2aa016295d5809cdd68045c39b3
  TwitterCore: 644d59e75abccb26cf0a9050d2c4dea0e5412241
  TwitterKit: a2e60ddcedbf54091eac6f27685ca7a87681e1d7

PODFILE CHECKSUM: 40714e2090e25f000e404699aa9025b278a460e6

COCOAPODS: 1.4.0
