// !$*UTF8*$!
{
	archiveVersion = 1;
	classes = {
	};
	objectVersion = 46;
	objects = {

/* Begin PBXBuildFile section */
		0300F6DE20F2E86C00A687DD /* DefaultsKeys+Extension.swift in Sources */ = {isa = PBXBuildFile; fileRef = 0300F6DD20F2E86C00A687DD /* DefaultsKeys+Extension.swift */; };
		037052AF20F89CD3001ADC2C /* User.swift in Sources */ = {isa = PBXBuildFile; fileRef = 037052AE20F89CD3001ADC2C /* User.swift */; };
		037052B120F8AAC8001ADC2C /* HotWord.swift in Sources */ = {isa = PBXBuildFile; fileRef = 037052B020F8AAC8001ADC2C /* HotWord.swift */; };
		037052B320F8AE91001ADC2C /* AccountManager.swift in Sources */ = {isa = PBXBuildFile; fileRef = 037052B220F8AE91001ADC2C /* AccountManager.swift */; };
		03B470F7214A4FDA00F9B5CA /* HotWeekly.swift in Sources */ = {isa = PBXBuildFile; fileRef = 03B470F6214A4FDA00F9B5CA /* HotWeekly.swift */; };
		03C22E3621464B770093BD96 /* GoogleService-Info.plist in Resources */ = {isa = PBXBuildFile; fileRef = 03C22E3521464B770093BD96 /* GoogleService-Info.plist */; };
		65C91790BC409EA6B7E6317F /* Pods_FlickPic.framework in Frameworks */ = {isa = PBXBuildFile; fileRef = 10FF24D0C5AC1276BFC5E9E1 /* Pods_FlickPic.framework */; };
		ED0A833F1E1687D400A5D141 /* FlickViewAnimator.swift in Sources */ = {isa = PBXBuildFile; fileRef = ED0A833E1E1687D400A5D141 /* FlickViewAnimator.swift */; };
		ED0A83451E1695D300A5D141 /* EffectlayerView.xib in Resources */ = {isa = PBXBuildFile; fileRef = ED0A83441E1695D300A5D141 /* EffectlayerView.xib */; };
		ED0A83471E1695EE00A5D141 /* EffectlayerView.swift in Sources */ = {isa = PBXBuildFile; fileRef = ED0A83461E1695EE00A5D141 /* EffectlayerView.swift */; };
		ED6ADA171E2646BC00800373 /* RakutenFlickView.swift in Sources */ = {isa = PBXBuildFile; fileRef = ED6ADA161E2646BC00800373 /* RakutenFlickView.swift */; };
		ED8A69121E239B260015C6B4 /* Extension.swift in Sources */ = {isa = PBXBuildFile; fileRef = ED8A69111E239B260015C6B4 /* Extension.swift */; };
		ED8A69141E24EF780015C6B4 /* RakutenFlickView.xib in Resources */ = {isa = PBXBuildFile; fileRef = ED8A69131E24EF780015C6B4 /* RakutenFlickView.xib */; };
		EDC97F831E1F89EF00F9D71D /* ColorManager.swift in Sources */ = {isa = PBXBuildFile; fileRef = EDC97F821E1F89EE00F9D71D /* ColorManager.swift */; };
		EF79FD911D157AAC002CA4BA /* FlickView.xib in Resources */ = {isa = PBXBuildFile; fileRef = EF79FD901D157AAC002CA4BA /* FlickView.xib */; };
		EF79FD931D157BFE002CA4BA /* FlickView.swift in Sources */ = {isa = PBXBuildFile; fileRef = EF79FD921D157BFE002CA4BA /* FlickView.swift */; };
		EFFC84671D15453600E30A3E /* AppDelegate.swift in Sources */ = {isa = PBXBuildFile; fileRef = EFFC84661D15453600E30A3E /* AppDelegate.swift */; };
		EFFC84691D15453600E30A3E /* ViewController.swift in Sources */ = {isa = PBXBuildFile; fileRef = EFFC84681D15453600E30A3E /* ViewController.swift */; };
		EFFC846C1D15453600E30A3E /* Main.storyboard in Resources */ = {isa = PBXBuildFile; fileRef = EFFC846A1D15453600E30A3E /* Main.storyboard */; };
		EFFC846E1D15453600E30A3E /* Assets.xcassets in Resources */ = {isa = PBXBuildFile; fileRef = EFFC846D1D15453600E30A3E /* Assets.xcassets */; };
		EFFC84711D15453600E30A3E /* LaunchScreen.storyboard in Resources */ = {isa = PBXBuildFile; fileRef = EFFC846F1D15453600E30A3E /* LaunchScreen.storyboard */; };
		EFFC847C1D15453600E30A3E /* FlickPicTests.swift in Sources */ = {isa = PBXBuildFile; fileRef = EFFC847B1D15453600E30A3E /* FlickPicTests.swift */; };
		EFFC84871D15453600E30A3E /* FlickPicUITests.swift in Sources */ = {isa = PBXBuildFile; fileRef = EFFC84861D15453600E30A3E /* FlickPicUITests.swift */; };
		EFFC849E1D154D8F00E30A3E /* FlickViewController.swift in Sources */ = {isa = PBXBuildFile; fileRef = EFFC849D1D154D8F00E30A3E /* FlickViewController.swift */; };
/* End PBXBuildFile section */

/* Begin PBXContainerItemProxy section */
		EFFC84781D15453600E30A3E /* PBXContainerItemProxy */ = {
			isa = PBXContainerItemProxy;
			containerPortal = EFFC845B1D15453600E30A3E /* Project object */;
			proxyType = 1;
			remoteGlobalIDString = EFFC84621D15453600E30A3E;
			remoteInfo = FlickPic;
		};
		EFFC84831D15453600E30A3E /* PBXContainerItemProxy */ = {
			isa = PBXContainerItemProxy;
			containerPortal = EFFC845B1D15453600E30A3E /* Project object */;
			proxyType = 1;
			remoteGlobalIDString = EFFC84621D15453600E30A3E;
			remoteInfo = FlickPic;
		};
/* End PBXContainerItemProxy section */

/* Begin PBXFileReference section */
		0300F6DD20F2E86C00A687DD /* DefaultsKeys+Extension.swift */ = {isa = PBXFileReference; lastKnownFileType = sourcecode.swift; path = "DefaultsKeys+Extension.swift"; sourceTree = "<group>"; };
		037052AE20F89CD3001ADC2C /* User.swift */ = {isa = PBXFileReference; lastKnownFileType = sourcecode.swift; path = User.swift; sourceTree = "<group>"; };
		037052B020F8AAC8001ADC2C /* HotWord.swift */ = {isa = PBXFileReference; lastKnownFileType = sourcecode.swift; path = HotWord.swift; sourceTree = "<group>"; };
		037052B220F8AE91001ADC2C /* AccountManager.swift */ = {isa = PBXFileReference; lastKnownFileType = sourcecode.swift; path = AccountManager.swift; sourceTree = "<group>"; };
		037052B420F8CDE2001ADC2C /* FlickPic.entitlements */ = {isa = PBXFileReference; lastKnownFileType = text.plist.entitlements; path = FlickPic.entitlements; sourceTree = "<group>"; };
		03B470F6214A4FDA00F9B5CA /* HotWeekly.swift */ = {isa = PBXFileReference; lastKnownFileType = sourcecode.swift; path = HotWeekly.swift; sourceTree = "<group>"; };
		03C22E3521464B770093BD96 /* GoogleService-Info.plist */ = {isa = PBXFileReference; fileEncoding = 4; lastKnownFileType = text.plist.xml; path = "GoogleService-Info.plist"; sourceTree = "<group>"; };
		10FF24D0C5AC1276BFC5E9E1 /* Pods_FlickPic.framework */ = {isa = PBXFileReference; explicitFileType = wrapper.framework; includeInIndex = 0; path = Pods_FlickPic.framework; sourceTree = BUILT_PRODUCTS_DIR; };
		6C14F22A760FA65F8943EACA /* Pods-FlickPic.release.xcconfig */ = {isa = PBXFileReference; includeInIndex = 1; lastKnownFileType = text.xcconfig; name = "Pods-FlickPic.release.xcconfig"; path = "Pods/Target Support Files/Pods-FlickPic/Pods-FlickPic.release.xcconfig"; sourceTree = "<group>"; };
		C01F9D56E71EC1D2CD38801D /* Pods-FlickPic.debug.xcconfig */ = {isa = PBXFileReference; includeInIndex = 1; lastKnownFileType = text.xcconfig; name = "Pods-FlickPic.debug.xcconfig"; path = "Pods/Target Support Files/Pods-FlickPic/Pods-FlickPic.debug.xcconfig"; sourceTree = "<group>"; };
		ED0A833E1E1687D400A5D141 /* FlickViewAnimator.swift */ = {isa = PBXFileReference; fileEncoding = 4; lastKnownFileType = sourcecode.swift; path = FlickViewAnimator.swift; sourceTree = "<group>"; };
		ED0A83441E1695D300A5D141 /* EffectlayerView.xib */ = {isa = PBXFileReference; fileEncoding = 4; lastKnownFileType = file.xib; path = EffectlayerView.xib; sourceTree = "<group>"; };
		ED0A83461E1695EE00A5D141 /* EffectlayerView.swift */ = {isa = PBXFileReference; fileEncoding = 4; lastKnownFileType = sourcecode.swift; path = EffectlayerView.swift; sourceTree = "<group>"; };
		ED6ADA161E2646BC00800373 /* RakutenFlickView.swift */ = {isa = PBXFileReference; fileEncoding = 4; lastKnownFileType = sourcecode.swift; path = RakutenFlickView.swift; sourceTree = "<group>"; };
		ED8A69111E239B260015C6B4 /* Extension.swift */ = {isa = PBXFileReference; fileEncoding = 4; lastKnownFileType = sourcecode.swift; path = Extension.swift; sourceTree = "<group>"; };
		ED8A69131E24EF780015C6B4 /* RakutenFlickView.xib */ = {isa = PBXFileReference; fileEncoding = 4; lastKnownFileType = file.xib; path = RakutenFlickView.xib; sourceTree = "<group>"; };
		EDC97F821E1F89EE00F9D71D /* ColorManager.swift */ = {isa = PBXFileReference; fileEncoding = 4; lastKnownFileType = sourcecode.swift; path = ColorManager.swift; sourceTree = "<group>"; };
		EF79FD901D157AAC002CA4BA /* FlickView.xib */ = {isa = PBXFileReference; fileEncoding = 4; lastKnownFileType = file.xib; path = FlickView.xib; sourceTree = "<group>"; };
		EF79FD921D157BFE002CA4BA /* FlickView.swift */ = {isa = PBXFileReference; fileEncoding = 4; lastKnownFileType = sourcecode.swift; path = FlickView.swift; sourceTree = "<group>"; };
		EFFC84631D15453600E30A3E /* FlickPic.app */ = {isa = PBXFileReference; explicitFileType = wrapper.application; includeInIndex = 0; path = FlickPic.app; sourceTree = BUILT_PRODUCTS_DIR; };
		EFFC84661D15453600E30A3E /* AppDelegate.swift */ = {isa = PBXFileReference; lastKnownFileType = sourcecode.swift; path = AppDelegate.swift; sourceTree = "<group>"; };
		EFFC84681D15453600E30A3E /* ViewController.swift */ = {isa = PBXFileReference; lastKnownFileType = sourcecode.swift; path = ViewController.swift; sourceTree = "<group>"; };
		EFFC846B1D15453600E30A3E /* Base */ = {isa = PBXFileReference; lastKnownFileType = file.storyboard; name = Base; path = Base.lproj/Main.storyboard; sourceTree = "<group>"; };
		EFFC846D1D15453600E30A3E /* Assets.xcassets */ = {isa = PBXFileReference; lastKnownFileType = folder.assetcatalog; path = Assets.xcassets; sourceTree = "<group>"; };
		EFFC84701D15453600E30A3E /* Base */ = {isa = PBXFileReference; lastKnownFileType = file.storyboard; name = Base; path = Base.lproj/LaunchScreen.storyboard; sourceTree = "<group>"; };
		EFFC84721D15453600E30A3E /* Info.plist */ = {isa = PBXFileReference; lastKnownFileType = text.plist.xml; path = Info.plist; sourceTree = "<group>"; };
		EFFC84771D15453600E30A3E /* FlickPicTests.xctest */ = {isa = PBXFileReference; explicitFileType = wrapper.cfbundle; includeInIndex = 0; path = FlickPicTests.xctest; sourceTree = BUILT_PRODUCTS_DIR; };
		EFFC847B1D15453600E30A3E /* FlickPicTests.swift */ = {isa = PBXFileReference; lastKnownFileType = sourcecode.swift; path = FlickPicTests.swift; sourceTree = "<group>"; };
		EFFC847D1D15453600E30A3E /* Info.plist */ = {isa = PBXFileReference; lastKnownFileType = text.plist.xml; path = Info.plist; sourceTree = "<group>"; };
		EFFC84821D15453600E30A3E /* FlickPicUITests.xctest */ = {isa = PBXFileReference; explicitFileType = wrapper.cfbundle; includeInIndex = 0; path = FlickPicUITests.xctest; sourceTree = BUILT_PRODUCTS_DIR; };
		EFFC84861D15453600E30A3E /* FlickPicUITests.swift */ = {isa = PBXFileReference; lastKnownFileType = sourcecode.swift; path = FlickPicUITests.swift; sourceTree = "<group>"; };
		EFFC84881D15453600E30A3E /* Info.plist */ = {isa = PBXFileReference; lastKnownFileType = text.plist.xml; path = Info.plist; sourceTree = "<group>"; };
		EFFC849D1D154D8F00E30A3E /* FlickViewController.swift */ = {isa = PBXFileReference; fileEncoding = 4; lastKnownFileType = sourcecode.swift; path = FlickViewController.swift; sourceTree = "<group>"; };
/* End PBXFileReference section */

/* Begin PBXFrameworksBuildPhase section */
		EFFC84601D15453600E30A3E /* Frameworks */ = {
			isa = PBXFrameworksBuildPhase;
			buildActionMask = 2147483647;
			files = (
				65C91790BC409EA6B7E6317F /* Pods_FlickPic.framework in Frameworks */,
			);
			runOnlyForDeploymentPostprocessing = 0;
		};
		EFFC84741D15453600E30A3E /* Frameworks */ = {
			isa = PBXFrameworksBuildPhase;
			buildActionMask = 2147483647;
			files = (
			);
			runOnlyForDeploymentPostprocessing = 0;
		};
		EFFC847F1D15453600E30A3E /* Frameworks */ = {
			isa = PBXFrameworksBuildPhase;
			buildActionMask = 2147483647;
			files = (
			);
			runOnlyForDeploymentPostprocessing = 0;
		};
/* End PBXFrameworksBuildPhase section */

/* Begin PBXGroup section */
		037052AD20F89CA6001ADC2C /* Models */ = {
			isa = PBXGroup;
			children = (
				037052AE20F89CD3001ADC2C /* User.swift */,
				03B470F6214A4FDA00F9B5CA /* HotWeekly.swift */,
				037052B020F8AAC8001ADC2C /* HotWord.swift */,
			);
			name = Models;
			sourceTree = "<group>";
		};
		8A0D62199F9F4E93E61100F6 /* Frameworks */ = {
			isa = PBXGroup;
			children = (
				10FF24D0C5AC1276BFC5E9E1 /* Pods_FlickPic.framework */,
			);
			name = Frameworks;
			sourceTree = "<group>";
		};
		B962FE5C83CAD16F60E622DF /* Pods */ = {
			isa = PBXGroup;
			children = (
				C01F9D56E71EC1D2CD38801D /* Pods-FlickPic.debug.xcconfig */,
				6C14F22A760FA65F8943EACA /* Pods-FlickPic.release.xcconfig */,
			);
			name = Pods;
			sourceTree = "<group>";
		};
		ED6ADA181E29306F00800373 /* FlickView */ = {
			isa = PBXGroup;
			children = (
				EF79FD921D157BFE002CA4BA /* FlickView.swift */,
				EF79FD901D157AAC002CA4BA /* FlickView.xib */,
			);
			name = FlickView;
			sourceTree = "<group>";
		};
		ED6ADA191E29308800800373 /* RakutenFlickView */ = {
			isa = PBXGroup;
			children = (
				ED8A69131E24EF780015C6B4 /* RakutenFlickView.xib */,
				ED6ADA161E2646BC00800373 /* RakutenFlickView.swift */,
			);
			name = RakutenFlickView;
			sourceTree = "<group>";
		};
		ED6ADA1A1E2930B200800373 /* Manager */ = {
			isa = PBXGroup;
			children = (
				ED8A69111E239B260015C6B4 /* Extension.swift */,
				EDC97F821E1F89EE00F9D71D /* ColorManager.swift */,
				0300F6DD20F2E86C00A687DD /* DefaultsKeys+Extension.swift */,
				037052B220F8AE91001ADC2C /* AccountManager.swift */,
			);
			name = Manager;
			sourceTree = "<group>";
		};
		ED6ADA1B1E2930CF00800373 /* FlickEffect */ = {
			isa = PBXGroup;
			children = (
				ED0A83441E1695D300A5D141 /* EffectlayerView.xib */,
				ED0A83461E1695EE00A5D141 /* EffectlayerView.swift */,
				ED0A833E1E1687D400A5D141 /* FlickViewAnimator.swift */,
			);
			name = FlickEffect;
			sourceTree = "<group>";
		};
		ED6ADA1C1E2930F900800373 /* Main */ = {
			isa = PBXGroup;
			children = (
				EFFC849D1D154D8F00E30A3E /* FlickViewController.swift */,
				EFFC846A1D15453600E30A3E /* Main.storyboard */,
				EFFC84681D15453600E30A3E /* ViewController.swift */,
			);
			name = Main;
			sourceTree = "<group>";
		};
		EFFC845A1D15453600E30A3E = {
			isa = PBXGroup;
			children = (
				EFFC84651D15453600E30A3E /* FlickPic */,
				EFFC847A1D15453600E30A3E /* FlickPicTests */,
				EFFC84851D15453600E30A3E /* FlickPicUITests */,
				EFFC84641D15453600E30A3E /* Products */,
				B962FE5C83CAD16F60E622DF /* Pods */,
				8A0D62199F9F4E93E61100F6 /* Frameworks */,
			);
			sourceTree = "<group>";
		};
		EFFC84641D15453600E30A3E /* Products */ = {
			isa = PBXGroup;
			children = (
				EFFC84631D15453600E30A3E /* FlickPic.app */,
				EFFC84771D15453600E30A3E /* FlickPicTests.xctest */,
				EFFC84821D15453600E30A3E /* FlickPicUITests.xctest */,
			);
			name = Products;
			sourceTree = "<group>";
		};
		EFFC84651D15453600E30A3E /* FlickPic */ = {
			isa = PBXGroup;
			children = (
				037052B420F8CDE2001ADC2C /* FlickPic.entitlements */,
				EFFC84661D15453600E30A3E /* AppDelegate.swift */,
				037052AD20F89CA6001ADC2C /* Models */,
				ED6ADA1C1E2930F900800373 /* Main */,
				ED6ADA181E29306F00800373 /* FlickView */,
				ED6ADA191E29308800800373 /* RakutenFlickView */,
				ED6ADA1B1E2930CF00800373 /* FlickEffect */,
				ED6ADA1A1E2930B200800373 /* Manager */,
				EFFC846D1D15453600E30A3E /* Assets.xcassets */,
				03C22E3521464B770093BD96 /* GoogleService-Info.plist */,
				EFFC846F1D15453600E30A3E /* LaunchScreen.storyboard */,
				EFFC84721D15453600E30A3E /* Info.plist */,
			);
			path = FlickPic;
			sourceTree = "<group>";
		};
		EFFC847A1D15453600E30A3E /* FlickPicTests */ = {
			isa = PBXGroup;
			children = (
				EFFC847B1D15453600E30A3E /* FlickPicTests.swift */,
				EFFC847D1D15453600E30A3E /* Info.plist */,
			);
			path = FlickPicTests;
			sourceTree = "<group>";
		};
		EFFC84851D15453600E30A3E /* FlickPicUITests */ = {
			isa = PBXGroup;
			children = (
				EFFC84861D15453600E30A3E /* FlickPicUITests.swift */,
				EFFC84881D15453600E30A3E /* Info.plist */,
			);
			path = FlickPicUITests;
			sourceTree = "<group>";
		};
/* End PBXGroup section */

/* Begin PBXNativeTarget section */
		EFFC84621D15453600E30A3E /* FlickPic */ = {
			isa = PBXNativeTarget;
			buildConfigurationList = EFFC848B1D15453600E30A3E /* Build configuration list for PBXNativeTarget "FlickPic" */;
			buildPhases = (
				658878F021F31E8EA0688BAD /* [CP] Check Pods Manifest.lock */,
				EFFC845F1D15453600E30A3E /* Sources */,
				EFFC84601D15453600E30A3E /* Frameworks */,
				EFFC84611D15453600E30A3E /* Resources */,
				EFFC84941D1545AF00E30A3E /* ShellScript */,
				1BDA83DAFC25F25A578D4E81 /* [CP] Embed Pods Frameworks */,
				A8C17556B25278D026DC3229 /* [CP] Copy Pods Resources */,
			);
			buildRules = (
			);
			dependencies = (
			);
			name = FlickPic;
			productName = FlickPic;
			productReference = EFFC84631D15453600E30A3E /* FlickPic.app */;
			productType = "com.apple.product-type.application";
		};
		EFFC84761D15453600E30A3E /* FlickPicTests */ = {
			isa = PBXNativeTarget;
			buildConfigurationList = EFFC848E1D15453600E30A3E /* Build configuration list for PBXNativeTarget "FlickPicTests" */;
			buildPhases = (
				EFFC84731D15453600E30A3E /* Sources */,
				EFFC84741D15453600E30A3E /* Frameworks */,
				EFFC84751D15453600E30A3E /* Resources */,
			);
			buildRules = (
			);
			dependencies = (
				EFFC84791D15453600E30A3E /* PBXTargetDependency */,
			);
			name = FlickPicTests;
			productName = FlickPicTests;
			productReference = EFFC84771D15453600E30A3E /* FlickPicTests.xctest */;
			productType = "com.apple.product-type.bundle.unit-test";
		};
		EFFC84811D15453600E30A3E /* FlickPicUITests */ = {
			isa = PBXNativeTarget;
			buildConfigurationList = EFFC84911D15453600E30A3E /* Build configuration list for PBXNativeTarget "FlickPicUITests" */;
			buildPhases = (
				EFFC847E1D15453600E30A3E /* Sources */,
				EFFC847F1D15453600E30A3E /* Frameworks */,
				EFFC84801D15453600E30A3E /* Resources */,
			);
			buildRules = (
			);
			dependencies = (
				EFFC84841D15453600E30A3E /* PBXTargetDependency */,
			);
			name = FlickPicUITests;
			productName = FlickPicUITests;
			productReference = EFFC84821D15453600E30A3E /* FlickPicUITests.xctest */;
			productType = "com.apple.product-type.bundle.ui-testing";
		};
/* End PBXNativeTarget section */

/* Begin PBXProject section */
		EFFC845B1D15453600E30A3E /* Project object */ = {
			isa = PBXProject;
			attributes = {
				LastSwiftUpdateCheck = 0730;
				LastUpgradeCheck = 0820;
				ORGANIZATIONNAME = "Eisuke Sato";
				TargetAttributes = {
					EFFC84621D15453600E30A3E = {
						CreatedOnToolsVersion = 7.3.1;
						DevelopmentTeam = 48KBV2T232;
						LastSwiftMigration = 0910;
						SystemCapabilities = {
							com.apple.Push = {
								enabled = 1;
							};
						};
					};
					EFFC84761D15453600E30A3E = {
						CreatedOnToolsVersion = 7.3.1;
						LastSwiftMigration = 0910;
						TestTargetID = EFFC84621D15453600E30A3E;
					};
					EFFC84811D15453600E30A3E = {
						CreatedOnToolsVersion = 7.3.1;
						LastSwiftMigration = 0910;
						TestTargetID = EFFC84621D15453600E30A3E;
					};
				};
			};
			buildConfigurationList = EFFC845E1D15453600E30A3E /* Build configuration list for PBXProject "FlickPic" */;
			compatibilityVersion = "Xcode 3.2";
			developmentRegion = English;
			hasScannedForEncodings = 0;
			knownRegions = (
				en,
				Base,
			);
			mainGroup = EFFC845A1D15453600E30A3E;
			productRefGroup = EFFC84641D15453600E30A3E /* Products */;
			projectDirPath = "";
			projectRoot = "";
			targets = (
				EFFC84621D15453600E30A3E /* FlickPic */,
				EFFC84761D15453600E30A3E /* FlickPicTests */,
				EFFC84811D15453600E30A3E /* FlickPicUITests */,
			);
		};
/* End PBXProject section */

/* Begin PBXResourcesBuildPhase section */
		EFFC84611D15453600E30A3E /* Resources */ = {
			isa = PBXResourcesBuildPhase;
			buildActionMask = 2147483647;
			files = (
				EF79FD911D157AAC002CA4BA /* FlickView.xib in Resources */,
				03C22E3621464B770093BD96 /* GoogleService-Info.plist in Resources */,
				EFFC84711D15453600E30A3E /* LaunchScreen.storyboard in Resources */,
				ED0A83451E1695D300A5D141 /* EffectlayerView.xib in Resources */,
				EFFC846E1D15453600E30A3E /* Assets.xcassets in Resources */,
				ED8A69141E24EF780015C6B4 /* RakutenFlickView.xib in Resources */,
				EFFC846C1D15453600E30A3E /* Main.storyboard in Resources */,
			);
			runOnlyForDeploymentPostprocessing = 0;
		};
		EFFC84751D15453600E30A3E /* Resources */ = {
			isa = PBXResourcesBuildPhase;
			buildActionMask = 2147483647;
			files = (
			);
			runOnlyForDeploymentPostprocessing = 0;
		};
		EFFC84801D15453600E30A3E /* Resources */ = {
			isa = PBXResourcesBuildPhase;
			buildActionMask = 2147483647;
			files = (
			);
			runOnlyForDeploymentPostprocessing = 0;
		};
/* End PBXResourcesBuildPhase section */

/* Begin PBXShellScriptBuildPhase section */
		1BDA83DAFC25F25A578D4E81 /* [CP] Embed Pods Frameworks */ = {
			isa = PBXShellScriptBuildPhase;
			buildActionMask = 2147483647;
			files = (
			);
			inputPaths = (
				"${SRCROOT}/Pods/Target Support Files/Pods-FlickPic/Pods-FlickPic-frameworks.sh",
				"${BUILT_PRODUCTS_DIR}/Alamofire/Alamofire.framework",
				"${BUILT_PRODUCTS_DIR}/BoringSSL/openssl.framework",
				"${BUILT_PRODUCTS_DIR}/Colours/Colours.framework",
				"${BUILT_PRODUCTS_DIR}/DACircularProgress/DACircularProgress.framework",
				"${BUILT_PRODUCTS_DIR}/FontAwesome.swift/FontAwesome_swift.framework",
				"${BUILT_PRODUCTS_DIR}/GTMSessionFetcher/GTMSessionFetcher.framework",
				"${BUILT_PRODUCTS_DIR}/GoogleUtilities/GoogleUtilities.framework",
				"${BUILT_PRODUCTS_DIR}/IDMPhotoBrowser/IDMPhotoBrowser.framework",
				"${BUILT_PRODUCTS_DIR}/Koloda/Koloda.framework",
				"${BUILT_PRODUCTS_DIR}/Protobuf/Protobuf.framework",
				"${BUILT_PRODUCTS_DIR}/SDWebImage/SDWebImage.framework",
				"${BUILT_PRODUCTS_DIR}/SVProgressHUD/SVProgressHUD.framework",
				"${BUILT_PRODUCTS_DIR}/SwiftDate/SwiftDate.framework",
				"${BUILT_PRODUCTS_DIR}/SwiftyJSON/SwiftyJSON.framework",
				"${BUILT_PRODUCTS_DIR}/SwiftyUserDefaults/SwiftyUserDefaults.framework",
				"${PODS_ROOT}/TwitterCore/iOS/TwitterCore.framework",
				"${PODS_ROOT}/TwitterKit/iOS/TwitterKit.framework",
				"${BUILT_PRODUCTS_DIR}/gRPC/GRPCClient.framework",
				"${BUILT_PRODUCTS_DIR}/gRPC-Core/grpc.framework",
				"${BUILT_PRODUCTS_DIR}/gRPC-ProtoRPC/ProtoRPC.framework",
				"${BUILT_PRODUCTS_DIR}/gRPC-RxLibrary/RxLibrary.framework",
				"${BUILT_PRODUCTS_DIR}/leveldb-library/leveldb.framework",
				"${BUILT_PRODUCTS_DIR}/nanopb/nanopb.framework",
				"${BUILT_PRODUCTS_DIR}/pop/pop.framework",
			);
			name = "[CP] Embed Pods Frameworks";
			outputPaths = (
				"${TARGET_BUILD_DIR}/${FRAMEWORKS_FOLDER_PATH}/Alamofire.framework",
				"${TARGET_BUILD_DIR}/${FRAMEWORKS_FOLDER_PATH}/openssl.framework",
				"${TARGET_BUILD_DIR}/${FRAMEWORKS_FOLDER_PATH}/Colours.framework",
				"${TARGET_BUILD_DIR}/${FRAMEWORKS_FOLDER_PATH}/DACircularProgress.framework",
				"${TARGET_BUILD_DIR}/${FRAMEWORKS_FOLDER_PATH}/FontAwesome_swift.framework",
				"${TARGET_BUILD_DIR}/${FRAMEWORKS_FOLDER_PATH}/GTMSessionFetcher.framework",
				"${TARGET_BUILD_DIR}/${FRAMEWORKS_FOLDER_PATH}/GoogleUtilities.framework",
				"${TARGET_BUILD_DIR}/${FRAMEWORKS_FOLDER_PATH}/IDMPhotoBrowser.framework",
				"${TARGET_BUILD_DIR}/${FRAMEWORKS_FOLDER_PATH}/Koloda.framework",
				"${TARGET_BUILD_DIR}/${FRAMEWORKS_FOLDER_PATH}/Protobuf.framework",
				"${TARGET_BUILD_DIR}/${FRAMEWORKS_FOLDER_PATH}/SDWebImage.framework",
				"${TARGET_BUILD_DIR}/${FRAMEWORKS_FOLDER_PATH}/SVProgressHUD.framework",
				"${TARGET_BUILD_DIR}/${FRAMEWORKS_FOLDER_PATH}/SwiftDate.framework",
				"${TARGET_BUILD_DIR}/${FRAMEWORKS_FOLDER_PATH}/SwiftyJSON.framework",
				"${TARGET_BUILD_DIR}/${FRAMEWORKS_FOLDER_PATH}/SwiftyUserDefaults.framework",
				"${TARGET_BUILD_DIR}/${FRAMEWORKS_FOLDER_PATH}/TwitterCore.framework",
				"${TARGET_BUILD_DIR}/${FRAMEWORKS_FOLDER_PATH}/TwitterKit.framework",
				"${TARGET_BUILD_DIR}/${FRAMEWORKS_FOLDER_PATH}/GRPCClient.framework",
				"${TARGET_BUILD_DIR}/${FRAMEWORKS_FOLDER_PATH}/grpc.framework",
				"${TARGET_BUILD_DIR}/${FRAMEWORKS_FOLDER_PATH}/ProtoRPC.framework",
				"${TARGET_BUILD_DIR}/${FRAMEWORKS_FOLDER_PATH}/RxLibrary.framework",
				"${TARGET_BUILD_DIR}/${FRAMEWORKS_FOLDER_PATH}/leveldb.framework",
				"${TARGET_BUILD_DIR}/${FRAMEWORKS_FOLDER_PATH}/nanopb.framework",
				"${TARGET_BUILD_DIR}/${FRAMEWORKS_FOLDER_PATH}/pop.framework",
			);
			runOnlyForDeploymentPostprocessing = 0;
			shellPath = /bin/sh;
			shellScript = "\"${SRCROOT}/Pods/Target Support Files/Pods-FlickPic/Pods-FlickPic-frameworks.sh\"\n";
			showEnvVarsInLog = 0;
		};
		658878F021F31E8EA0688BAD /* [CP] Check Pods Manifest.lock */ = {
			isa = PBXShellScriptBuildPhase;
			buildActionMask = 2147483647;
			files = (
			);
			inputPaths = (
				"${PODS_PODFILE_DIR_PATH}/Podfile.lock",
				"${PODS_ROOT}/Manifest.lock",
			);
			name = "[CP] Check Pods Manifest.lock";
			outputPaths = (
				"$(DERIVED_FILE_DIR)/Pods-FlickPic-checkManifestLockResult.txt",
			);
			runOnlyForDeploymentPostprocessing = 0;
			shellPath = /bin/sh;
			shellScript = "diff \"${PODS_PODFILE_DIR_PATH}/Podfile.lock\" \"${PODS_ROOT}/Manifest.lock\" > /dev/null\nif [ $? != 0 ] ; then\n    # print error to STDERR\n    echo \"error: The sandbox is not in sync with the Podfile.lock. Run 'pod install' or update your CocoaPods installation.\" >&2\n    exit 1\nfi\n# This output is used by Xcode 'outputs' to avoid re-running this script phase.\necho \"SUCCESS\" > \"${SCRIPT_OUTPUT_FILE_0}\"\n";
			showEnvVarsInLog = 0;
		};
		A8C17556B25278D026DC3229 /* [CP] Copy Pods Resources */ = {
			isa = PBXShellScriptBuildPhase;
			buildActionMask = 2147483647;
			files = (
			);
			inputPaths = (
				"${SRCROOT}/Pods/Target Support Files/Pods-FlickPic/Pods-FlickPic-resources.sh",
				"${PODS_ROOT}/TwitterKit/iOS/TwitterKit.framework/TwitterKitResources.bundle",
			);
			name = "[CP] Copy Pods Resources";
			outputPaths = (
				"${TARGET_BUILD_DIR}/${UNLOCALIZED_RESOURCES_FOLDER_PATH}/TwitterKitResources.bundle",
			);
			runOnlyForDeploymentPostprocessing = 0;
			shellPath = /bin/sh;
			shellScript = "\"${SRCROOT}/Pods/Target Support Files/Pods-FlickPic/Pods-FlickPic-resources.sh\"\n";
			showEnvVarsInLog = 0;
		};
		EFFC84941D1545AF00E30A3E /* ShellScript */ = {
			isa = PBXShellScriptBuildPhase;
			buildActionMask = 2147483647;
			files = (
			);
			inputPaths = (
			);
			outputPaths = (
			);
			runOnlyForDeploymentPostprocessing = 0;
			shellPath = /bin/sh;
			shellScript = "\"${PODS_ROOT}/Fabric/run\" ec62d35d0015bc60b374384a4991ee3316538e74 aa24872d7a2760b27c0cdd2434421b127640c6c7490b706db95f3d8178ef4cdf";
		};
/* End PBXShellScriptBuildPhase section */

/* Begin PBXSourcesBuildPhase section */
		EFFC845F1D15453600E30A3E /* Sources */ = {
			isa = PBXSourcesBuildPhase;
			buildActionMask = 2147483647;
			files = (
				EDC97F831E1F89EF00F9D71D /* ColorManager.swift in Sources */,
				EFFC84691D15453600E30A3E /* ViewController.swift in Sources */,
				EF79FD931D157BFE002CA4BA /* FlickView.swift in Sources */,
				EFFC849E1D154D8F00E30A3E /* FlickViewController.swift in Sources */,
				ED0A83471E1695EE00A5D141 /* EffectlayerView.swift in Sources */,
				EFFC84671D15453600E30A3E /* AppDelegate.swift in Sources */,
				03B470F7214A4FDA00F9B5CA /* HotWeekly.swift in Sources */,
				ED0A833F1E1687D400A5D141 /* FlickViewAnimator.swift in Sources */,
				037052B120F8AAC8001ADC2C /* HotWord.swift in Sources */,
				037052B320F8AE91001ADC2C /* AccountManager.swift in Sources */,
				ED6ADA171E2646BC00800373 /* RakutenFlickView.swift in Sources */,
				ED8A69121E239B260015C6B4 /* Extension.swift in Sources */,
				0300F6DE20F2E86C00A687DD /* DefaultsKeys+Extension.swift in Sources */,
				037052AF20F89CD3001ADC2C /* User.swift in Sources */,
			);
			runOnlyForDeploymentPostprocessing = 0;
		};
		EFFC84731D15453600E30A3E /* Sources */ = {
			isa = PBXSourcesBuildPhase;
			buildActionMask = 2147483647;
			files = (
				EFFC847C1D15453600E30A3E /* FlickPicTests.swift in Sources */,
			);
			runOnlyForDeploymentPostprocessing = 0;
		};
		EFFC847E1D15453600E30A3E /* Sources */ = {
			isa = PBXSourcesBuildPhase;
			buildActionMask = 2147483647;
			files = (
				EFFC84871D15453600E30A3E /* FlickPicUITests.swift in Sources */,
			);
			runOnlyForDeploymentPostprocessing = 0;
		};
/* End PBXSourcesBuildPhase section */

/* Begin PBXTargetDependency section */
		EFFC84791D15453600E30A3E /* PBXTargetDependency */ = {
			isa = PBXTargetDependency;
			target = EFFC84621D15453600E30A3E /* FlickPic */;
			targetProxy = EFFC84781D15453600E30A3E /* PBXContainerItemProxy */;
		};
		EFFC84841D15453600E30A3E /* PBXTargetDependency */ = {
			isa = PBXTargetDependency;
			target = EFFC84621D15453600E30A3E /* FlickPic */;
			targetProxy = EFFC84831D15453600E30A3E /* PBXContainerItemProxy */;
		};
/* End PBXTargetDependency section */

/* Begin PBXVariantGroup section */
		EFFC846A1D15453600E30A3E /* Main.storyboard */ = {
			isa = PBXVariantGroup;
			children = (
				EFFC846B1D15453600E30A3E /* Base */,
			);
			name = Main.storyboard;
			sourceTree = "<group>";
		};
		EFFC846F1D15453600E30A3E /* LaunchScreen.storyboard */ = {
			isa = PBXVariantGroup;
			children = (
				EFFC84701D15453600E30A3E /* Base */,
			);
			name = LaunchScreen.storyboard;
			sourceTree = "<group>";
		};
/* End PBXVariantGroup section */

/* Begin XCBuildConfiguration section */
		EFFC84891D15453600E30A3E /* Debug */ = {
			isa = XCBuildConfiguration;
			buildSettings = {
				ALWAYS_SEARCH_USER_PATHS = NO;
				CLANG_ANALYZER_NONNULL = YES;
				CLANG_CXX_LANGUAGE_STANDARD = "gnu++0x";
				CLANG_CXX_LIBRARY = "libc++";
				CLANG_ENABLE_MODULES = YES;
				CLANG_ENABLE_OBJC_ARC = YES;
				CLANG_WARN_BOOL_CONVERSION = YES;
				CLANG_WARN_CONSTANT_CONVERSION = YES;
				CLANG_WARN_DIRECT_OBJC_ISA_USAGE = YES_ERROR;
				CLANG_WARN_EMPTY_BODY = YES;
				CLANG_WARN_ENUM_CONVERSION = YES;
				CLANG_WARN_INFINITE_RECURSION = YES;
				CLANG_WARN_INT_CONVERSION = YES;
				CLANG_WARN_OBJC_ROOT_CLASS = YES_ERROR;
				CLANG_WARN_SUSPICIOUS_MOVE = YES;
				CLANG_WARN_UNREACHABLE_CODE = YES;
				CLANG_WARN__DUPLICATE_METHOD_MATCH = YES;
				"CODE_SIGN_IDENTITY[sdk=iphoneos*]" = "iPhone Developer";
				COPY_PHASE_STRIP = NO;
				DEBUG_INFORMATION_FORMAT = dwarf;
				ENABLE_STRICT_OBJC_MSGSEND = YES;
				ENABLE_TESTABILITY = YES;
				GCC_C_LANGUAGE_STANDARD = gnu99;
				GCC_DYNAMIC_NO_PIC = NO;
				GCC_NO_COMMON_BLOCKS = YES;
				GCC_OPTIMIZATION_LEVEL = 0;
				GCC_PREPROCESSOR_DEFINITIONS = (
					"DEBUG=1",
					"$(inherited)",
				);
				GCC_WARN_64_TO_32_BIT_CONVERSION = YES;
				GCC_WARN_ABOUT_RETURN_TYPE = YES_ERROR;
				GCC_WARN_UNDECLARED_SELECTOR = YES;
				GCC_WARN_UNINITIALIZED_AUTOS = YES_AGGRESSIVE;
				GCC_WARN_UNUSED_FUNCTION = YES;
				GCC_WARN_UNUSED_VARIABLE = YES;
				IPHONEOS_DEPLOYMENT_TARGET = 10.0;
				MTL_ENABLE_DEBUG_INFO = YES;
				ONLY_ACTIVE_ARCH = YES;
				PROVISIONING_PROFILE = "ba61f91e-f793-4b1d-b230-6de266cf3a4d";
				SDKROOT = iphoneos;
				SWIFT_OPTIMIZATION_LEVEL = "-Onone";
			};
			name = Debug;
		};
		EFFC848A1D15453600E30A3E /* Release */ = {
			isa = XCBuildConfiguration;
			buildSettings = {
				ALWAYS_SEARCH_USER_PATHS = NO;
				CLANG_ANALYZER_NONNULL = YES;
				CLANG_CXX_LANGUAGE_STANDARD = "gnu++0x";
				CLANG_CXX_LIBRARY = "libc++";
				CLANG_ENABLE_MODULES = YES;
				CLANG_ENABLE_OBJC_ARC = YES;
				CLANG_WARN_BOOL_CONVERSION = YES;
				CLANG_WARN_CONSTANT_CONVERSION = YES;
				CLANG_WARN_DIRECT_OBJC_ISA_USAGE = YES_ERROR;
				CLANG_WARN_EMPTY_BODY = YES;
				CLANG_WARN_ENUM_CONVERSION = YES;
				CLANG_WARN_INFINITE_RECURSION = YES;
				CLANG_WARN_INT_CONVERSION = YES;
				CLANG_WARN_OBJC_ROOT_CLASS = YES_ERROR;
				CLANG_WARN_SUSPICIOUS_MOVE = YES;
				CLANG_WARN_UNREACHABLE_CODE = YES;
				CLANG_WARN__DUPLICATE_METHOD_MATCH = YES;
				CODE_SIGN_IDENTITY = "iPhone Developer: Hiroki Taniguchi (RA9N5B6XBR)";
				"CODE_SIGN_IDENTITY[sdk=iphoneos*]" = "iPhone Developer: Hiroki Taniguchi (RA9N5B6XBR)";
				COPY_PHASE_STRIP = NO;
				DEBUG_INFORMATION_FORMAT = "dwarf-with-dsym";
				ENABLE_NS_ASSERTIONS = NO;
				ENABLE_STRICT_OBJC_MSGSEND = YES;
				GCC_C_LANGUAGE_STANDARD = gnu99;
				GCC_NO_COMMON_BLOCKS = YES;
				GCC_WARN_64_TO_32_BIT_CONVERSION = YES;
				GCC_WARN_ABOUT_RETURN_TYPE = YES_ERROR;
				GCC_WARN_UNDECLARED_SELECTOR = YES;
				GCC_WARN_UNINITIALIZED_AUTOS = YES_AGGRESSIVE;
				GCC_WARN_UNUSED_FUNCTION = YES;
				GCC_WARN_UNUSED_VARIABLE = YES;
				IPHONEOS_DEPLOYMENT_TARGET = 10.0;
				MTL_ENABLE_DEBUG_INFO = NO;
				PROVISIONING_PROFILE = "ba61f91e-f793-4b1d-b230-6de266cf3a4d";
				SDKROOT = iphoneos;
				SWIFT_OPTIMIZATION_LEVEL = "-Owholemodule";
				VALIDATE_PRODUCT = YES;
			};
			name = Release;
		};
		EFFC848C1D15453600E30A3E /* Debug */ = {
			isa = XCBuildConfiguration;
			baseConfigurationReference = C01F9D56E71EC1D2CD38801D /* Pods-FlickPic.debug.xcconfig */;
			buildSettings = {
				ALWAYS_EMBED_SWIFT_STANDARD_LIBRARIES = "$(inherited)";
				ASSETCATALOG_COMPILER_APPICON_NAME = AppIcon;
				CODE_SIGN_ENTITLEMENTS = FlickPic/FlickPic.entitlements;
				CODE_SIGN_IDENTITY = "iPhone Developer";
				"CODE_SIGN_IDENTITY[sdk=iphoneos*]" = "iPhone Developer";
				DEVELOPMENT_TEAM = 48KBV2T232;
				FRAMEWORK_SEARCH_PATHS = (
					"$(inherited)",
					"$(PROJECT_DIR)",
				);
				INFOPLIST_FILE = FlickPic/Info.plist;
				IPHONEOS_DEPLOYMENT_TARGET = 10.0;
				LD_RUNPATH_SEARCH_PATHS = "$(inherited) @executable_path/Frameworks";
				PRODUCT_BUNDLE_IDENTIFIER = jp.co.bocchi.qupickapp;
				PRODUCT_NAME = "$(TARGET_NAME)";
				PROVISIONING_PROFILE = "";
				SWIFT_VERSION = 4.0;
			};
			name = Debug;
		};
		EFFC848D1D15453600E30A3E /* Release */ = {
			isa = XCBuildConfiguration;
			baseConfigurationReference = 6C14F22A760FA65F8943EACA /* Pods-FlickPic.release.xcconfig */;
			buildSettings = {
				ALWAYS_EMBED_SWIFT_STANDARD_LIBRARIES = "$(inherited)";
				ASSETCATALOG_COMPILER_APPICON_NAME = AppIcon;
				CODE_SIGN_ENTITLEMENTS = FlickPic/FlickPic.entitlements;
				CODE_SIGN_IDENTITY = "iPhone Developer";
				"CODE_SIGN_IDENTITY[sdk=iphoneos*]" = "iPhone Developer";
				DEVELOPMENT_TEAM = 48KBV2T232;
				FRAMEWORK_SEARCH_PATHS = (
					"$(inherited)",
					"$(PROJECT_DIR)",
				);
				INFOPLIST_FILE = FlickPic/Info.plist;
				IPHONEOS_DEPLOYMENT_TARGET = 10.0;
				LD_RUNPATH_SEARCH_PATHS = "$(inherited) @executable_path/Frameworks";
				PRODUCT_BUNDLE_IDENTIFIER = jp.co.bocchi.qupickapp;
				PRODUCT_NAME = "$(TARGET_NAME)";
				PROVISIONING_PROFILE = "";
				SWIFT_VERSION = 4.0;
			};
			name = Release;
		};
		EFFC848F1D15453600E30A3E /* Debug */ = {
			isa = XCBuildConfiguration;
			buildSettings = {
				BUNDLE_LOADER = "$(TEST_HOST)";
				INFOPLIST_FILE = FlickPicTests/Info.plist;
				LD_RUNPATH_SEARCH_PATHS = "$(inherited) @executable_path/Frameworks @loader_path/Frameworks";
				PRODUCT_BUNDLE_IDENTIFIER = com.eddiecc.FlickPicTests;
				PRODUCT_NAME = "$(TARGET_NAME)";
				SWIFT_VERSION = 4.0;
				TEST_HOST = "$(BUILT_PRODUCTS_DIR)/FlickPic.app/FlickPic";
			};
			name = Debug;
		};
		EFFC84901D15453600E30A3E /* Release */ = {
			isa = XCBuildConfiguration;
			buildSettings = {
				BUNDLE_LOADER = "$(TEST_HOST)";
				INFOPLIST_FILE = FlickPicTests/Info.plist;
				LD_RUNPATH_SEARCH_PATHS = "$(inherited) @executable_path/Frameworks @loader_path/Frameworks";
				PRODUCT_BUNDLE_IDENTIFIER = com.eddiecc.FlickPicTests;
				PRODUCT_NAME = "$(TARGET_NAME)";
				SWIFT_VERSION = 4.0;
				TEST_HOST = "$(BUILT_PRODUCTS_DIR)/FlickPic.app/FlickPic";
			};
			name = Release;
		};
		EFFC84921D15453600E30A3E /* Debug */ = {
			isa = XCBuildConfiguration;
			buildSettings = {
				INFOPLIST_FILE = FlickPicUITests/Info.plist;
				LD_RUNPATH_SEARCH_PATHS = "$(inherited) @executable_path/Frameworks @loader_path/Frameworks";
				PRODUCT_BUNDLE_IDENTIFIER = com.eddiecc.FlickPicUITests;
				PRODUCT_NAME = "$(TARGET_NAME)";
				SWIFT_VERSION = 4.0;
				TEST_TARGET_NAME = FlickPic;
			};
			name = Debug;
		};
		EFFC84931D15453600E30A3E /* Release */ = {
			isa = XCBuildConfiguration;
			buildSettings = {
				INFOPLIST_FILE = FlickPicUITests/Info.plist;
				LD_RUNPATH_SEARCH_PATHS = "$(inherited) @executable_path/Frameworks @loader_path/Frameworks";
				PRODUCT_BUNDLE_IDENTIFIER = com.eddiecc.FlickPicUITests;
				PRODUCT_NAME = "$(TARGET_NAME)";
				SWIFT_VERSION = 4.0;
				TEST_TARGET_NAME = FlickPic;
			};
			name = Release;
		};
/* End XCBuildConfiguration section */

/* Begin XCConfigurationList section */
		EFFC845E1D15453600E30A3E /* Build configuration list for PBXProject "FlickPic" */ = {
			isa = XCConfigurationList;
			buildConfigurations = (
				EFFC84891D15453600E30A3E /* Debug */,
				EFFC848A1D15453600E30A3E /* Release */,
			);
			defaultConfigurationIsVisible = 0;
			defaultConfigurationName = Release;
		};
		EFFC848B1D15453600E30A3E /* Build configuration list for PBXNativeTarget "FlickPic" */ = {
			isa = XCConfigurationList;
			buildConfigurations = (
				EFFC848C1D15453600E30A3E /* Debug */,
				EFFC848D1D15453600E30A3E /* Release */,
			);
			defaultConfigurationIsVisible = 0;
			defaultConfigurationName = Release;
		};
		EFFC848E1D15453600E30A3E /* Build configuration list for PBXNativeTarget "FlickPicTests" */ = {
			isa = XCConfigurationList;
			buildConfigurations = (
				EFFC848F1D15453600E30A3E /* Debug */,
				EFFC84901D15453600E30A3E /* Release */,
			);
			defaultConfigurationIsVisible = 0;
			defaultConfigurationName = Release;
		};
		EFFC84911D15453600E30A3E /* Build configuration list for PBXNativeTarget "FlickPicUITests" */ = {
			isa = XCConfigurationList;
			buildConfigurations = (
				EFFC84921D15453600E30A3E /* Debug */,
				EFFC84931D15453600E30A3E /* Release */,
			);
			defaultConfigurationIsVisible = 0;
			defaultConfigurationName = Release;
		};
/* End XCConfigurationList section */
	};
	rootObject = EFFC845B1D15453600E30A3E /* Project object */;
}
